
Microsoft Visual Studio Solution File, Format Version 12.00
# Visual Studio Version 16
VisualStudioVersion = 16.0.32510.428
MinimumVisualStudioVersion = 10.0.40219.1
Project("{2150E333-8FDC-42A3-9474-1A3956D46DE8}") = "Services", "Services", "{CD47F23B-FD06-4355-8C71-23D4831F8504}"
EndProject
Project("{2150E333-8FDC-42A3-9474-1A3956D46DE8}") = "Catalog", "Catalog", "{0B30D783-BA8A-4F7D-9287-79D6B3588BE1}"
EndProject
Project("{FAE04EC0-301F-11D3-BF4B-00C04F79EFBC}") = "Catalog.API", "Services\Catalog\Catalog.API\Catalog.API.csproj", "{FA3864EF-AF4D-4691-AB92-00BC17BE82A5}"
EndProject
Global
	GlobalSection(SolutionConfigurationPlatforms) = preSolution
		Debug|Any CPU = Debug|Any CPU
		Release|Any CPU = Release|Any CPU
	EndGlobalSection
	GlobalSection(ProjectConfigurationPlatforms) = postSolution
		{FA3864EF-AF4D-4691-AB92-00BC17BE82A5}.Debug|Any CPU.ActiveCfg = Debug|Any CPU
		{FA3864EF-AF4D-4691-AB92-00BC17BE82A5}.Debug|Any CPU.Build.0 = Debug|Any CPU
		{FA3864EF-AF4D-4691-AB92-00BC17BE82A5}.Release|Any CPU.ActiveCfg = Release|Any CPU
		{FA3864EF-AF4D-4691-AB92-00BC17BE82A5}.Release|Any CPU.Build.0 = Release|Any CPU
	EndGlobalSection
	GlobalSection(SolutionProperties) = preSolution
		HideSolutionNode = FALSE
	EndGlobalSection
	GlobalSection(NestedProjects) = preSolution
		{0B30D783-BA8A-4F7D-9287-79D6B3588BE1} = {CD47F23B-FD06-4355-8C71-23D4831F8504}
		{FA3864EF-AF4D-4691-AB92-00BC17BE82A5} = {0B30D783-BA8A-4F7D-9287-79D6B3588BE1}
	EndGlobalSection
	GlobalSection(ExtensibilityGlobals) = postSolution
		SolutionGuid = {68DE3642-1673-4A0D-954F-BA5C0EE8F450}
	EndGlobalSection
EndGlobal
